<?xml version="1.0" encoding="utf-8"?>
<Project ToolsVersion="4.0" xmlns="http://schemas.microsoft.com/developer/msbuild/2003">
  <ItemGroup>
    <Filter Include="소스 파일">
      <UniqueIdentifier>{4FC737F1-C7A5-4376-A066-2A32D752A2FF}</UniqueIdentifier>
      <Extensions>cpp;c;cc;cxx;def;odl;idl;hpj;bat;asm;asmx</Extensions>
    </Filter>
    <Filter Include="헤더 파일">
      <UniqueIdentifier>{93995380-89BD-4b04-88EB-625FBE52EBFB}</UniqueIdentifier>
      <Extensions>h;hh;hpp;hxx;hm;inl;inc;ipp;xsd</Extensions>
    </Filter>
    <Filter Include="리소스 파일">
      <UniqueIdentifier>{67DA6AB6-F800-4c08-8B7A-83BB121AAD01}</UniqueIdentifier>
      <Extensions>rc;ico;cur;bmp;dlg;rc2;rct;bin;rgs;gif;jpg;jpeg;jpe;resx;tiff;tif;png;wav;mfcribbon-ms</Extensions>
    </Filter>
  </ItemGroup>
  <ItemGroup>
    <ClCompile Include="백준.cpp">
      <Filter>소스 파일</Filter>
    </ClCompile>
    <ClCompile Include="2752번 세수정렬.cpp">
      <Filter>소스 파일</Filter>
    </ClCompile>
    <ClCompile Include="2750번 수 정렬하기.cpp">
      <Filter>소스 파일</Filter>
    </ClCompile>
    <ClCompile Include="2751번 수 정렬하기2.cpp">
      <Filter>소스 파일</Filter>
    </ClCompile>
    <ClCompile Include="2752번 수 정렬하기2(sort라이브러리).cpp">
      <Filter>소스 파일</Filter>
    </ClCompile>
    <ClCompile Include="1181번 단어정렬.cpp">
      <Filter>소스 파일</Filter>
    </ClCompile>
    <ClCompile Include="1431번 시리얼 번호.cpp">
      <Filter>소스 파일</Filter>
    </ClCompile>
    <ClCompile Include="10989번 수 정렬하기3.cpp">
      <Filter>소스 파일</Filter>
    </ClCompile>
    <ClCompile Include="5585번 거스름돈.cpp">
      <Filter>소스 파일</Filter>
    </ClCompile>
    <ClCompile Include="11047번 동전0.cpp">
      <Filter>소스 파일</Filter>
    </ClCompile>
    <ClCompile Include="11399번 ATM.cpp">
      <Filter>소스 파일</Filter>
    </ClCompile>
    <ClCompile Include="2217번 로프.cpp">
      <Filter>소스 파일</Filter>
    </ClCompile>
    <ClCompile Include="1138번 한 줄로 서기.cpp">
      <Filter>소스 파일</Filter>
    </ClCompile>
    <ClCompile Include="1541번 잃어버린 괄호.cpp">
      <Filter>소스 파일</Filter>
    </ClCompile>
    <ClCompile Include="2609번 최대공약수와 최소공배수.cpp">
      <Filter>소스 파일</Filter>
    </ClCompile>
    <ClCompile Include="1934번 최소공배수.cpp">
      <Filter>소스 파일</Filter>
    </ClCompile>
    <ClCompile Include="9613번 GCD합.cpp">
      <Filter>소스 파일</Filter>
    </ClCompile>
    <ClCompile Include="1978번 소수찾기.cpp">
      <Filter>소스 파일</Filter>
    </ClCompile>
    <ClCompile Include="1929번 소수구하기.cpp">
      <Filter>소스 파일</Filter>
    </ClCompile>
    <ClCompile Include="2309번 일곱난쟁이.cpp">
      <Filter>소스 파일</Filter>
    </ClCompile>
    <ClCompile Include="1476번 날짜계산.cpp">
      <Filter>소스 파일</Filter>
    </ClCompile>
    <ClCompile Include="9095번 1,2,3더하기.cpp">
      <Filter>소스 파일</Filter>
    </ClCompile>
    <ClCompile Include="6603번 로또.cpp">
      <Filter>소스 파일</Filter>
    </ClCompile>
    <ClCompile Include="1182번 부분수열의 합.cpp">
      <Filter>소스 파일</Filter>
    </ClCompile>
    <ClCompile Include="14501번 퇴사.cpp">
      <Filter>소스 파일</Filter>
    </ClCompile>
    <ClCompile Include="15649번 N과M(1).cpp">
      <Filter>소스 파일</Filter>
    </ClCompile>
    <ClCompile Include="15650번 N과M(2).cpp">
      <Filter>소스 파일</Filter>
    </ClCompile>
    <ClCompile Include="1260번 DFS와BFS.cpp">
      <Filter>소스 파일</Filter>
    </ClCompile>
    <ClCompile Include="11724번 연결요소의 개수.cpp">
      <Filter>소스 파일</Filter>
    </ClCompile>
    <ClCompile Include="2667번 단지번호붙이기.cpp">
      <Filter>소스 파일</Filter>
    </ClCompile>
    <ClCompile Include="4963번 섬의개수.cpp">
      <Filter>소스 파일</Filter>
    </ClCompile>
    <ClCompile Include="2178번 미로탐색.cpp">
      <Filter>소스 파일</Filter>
    </ClCompile>
    <ClCompile Include="7576번 토마토.cpp">
      <Filter>소스 파일</Filter>
    </ClCompile>
    <ClCompile Include="1697번 숨바꼭질.cpp">
      <Filter>소스 파일</Filter>
    </ClCompile>
    <ClCompile Include="1463번 1로 만들기.cpp">
      <Filter>소스 파일</Filter>
    </ClCompile>
    <ClCompile Include="11726번 2xN 타일링.cpp">
      <Filter>소스 파일</Filter>
    </ClCompile>
    <ClCompile Include="11727번 2xN 타일링2.cpp">
      <Filter>소스 파일</Filter>
    </ClCompile>
    <ClCompile Include="9095번 1,2,3 더하기.cpp">
      <Filter>소스 파일</Filter>
    </ClCompile>
    <ClCompile Include="11052번 카드 구매하기.cpp">
      <Filter>소스 파일</Filter>
    </ClCompile>
    <ClCompile Include="2193번 이친수.cpp">
      <Filter>소스 파일</Filter>
    </ClCompile>
    <ClCompile Include="2156번 포도주 시식.cpp">
      <Filter>소스 파일</Filter>
    </ClCompile>
    <ClCompile Include="11053번 가장 긴 증가하는 부분 수열.cpp">
      <Filter>소스 파일</Filter>
    </ClCompile>
    <ClCompile Include="1912번 연속합.cpp">
      <Filter>소스 파일</Filter>
    </ClCompile>
    <ClCompile Include="1699번 제곱수의 합.cpp">
      <Filter>소스 파일</Filter>
    </ClCompile>
    <ClCompile Include="1978번 소수찾기(복습).cpp">
      <Filter>소스 파일</Filter>
    </ClCompile>
    <ClCompile Include="2309번 일곱난쟁이(복습).cpp">
      <Filter>소스 파일</Filter>
    </ClCompile>
    <ClCompile Include="1260번 DFS와BFS(복습).cpp">
      <Filter>소스 파일</Filter>
    </ClCompile>
    <ClCompile Include="1463번 1로 만들기(복습).cpp">
      <Filter>소스 파일</Filter>
    </ClCompile>
    <ClCompile Include="1929번 소수구하기(복습).cpp">
      <Filter>소스 파일</Filter>
    </ClCompile>
    <ClCompile Include="1476번 날짜계산(복습).cpp">
      <Filter>소스 파일</Filter>
    </ClCompile>
    <ClCompile Include="11724번 연결요소의 개수(복습).cpp">
      <Filter>소스 파일</Filter>
    </ClCompile>
    <ClCompile Include="11726번 2xN 타일링(복습).cpp">
      <Filter>소스 파일</Filter>
    </ClCompile>
    <ClCompile Include="9095번 1,2,3더하기(복습).cpp">
      <Filter>소스 파일</Filter>
    </ClCompile>
    <ClCompile Include="2667번 단지번호붙이기(복습).cpp">
      <Filter>소스 파일</Filter>
    </ClCompile>
    <ClCompile Include="11727번 2xN 타일링2(복습).cpp">
      <Filter>소스 파일</Filter>
    </ClCompile>
    <ClCompile Include="4963번 섬의개수(복습).cpp">
      <Filter>소스 파일</Filter>
    </ClCompile>
    <ClCompile Include="11052번 카드 구매하기(복습).cpp">
      <Filter>소스 파일</Filter>
    </ClCompile>
    <ClCompile Include="10974번 모든 순열.cpp">
      <Filter>소스 파일</Filter>
    </ClCompile>
    <ClCompile Include="10972번 다음 순열.cpp">
      <Filter>소스 파일</Filter>
    </ClCompile>
    <ClCompile Include="10973번 이전 순열.cpp">
      <Filter>소스 파일</Filter>
    </ClCompile>
    <ClCompile Include="10819번 차이를 최대로.cpp">
      <Filter>소스 파일</Filter>
    </ClCompile>
    <ClCompile Include="10971번 외판원 순회2.cpp">
      <Filter>소스 파일</Filter>
    </ClCompile>
    <ClCompile Include="15649번 N과M(1)(복습).cpp">
      <Filter>소스 파일</Filter>
    </ClCompile>
    <ClCompile Include="15650번 N과M(2))(복습).cpp">
      <Filter>소스 파일</Filter>
    </ClCompile>
    <ClCompile Include="15651번 N과M(3).cpp">
      <Filter>소스 파일</Filter>
    </ClCompile>
    <ClCompile Include="15652번 N과M(4).cpp">
      <Filter>소스 파일</Filter>
    </ClCompile>
    <ClCompile Include="1107번 리모컨.cpp">
      <Filter>소스 파일</Filter>
    </ClCompile>
    <ClCompile Include="13913번 숨바꼭질 4.cpp">
      <Filter>소스 파일</Filter>
    </ClCompile>
    <ClCompile Include="11048번 이동하기.cpp">
      <Filter>소스 파일</Filter>
    </ClCompile>
    <ClCompile Include="6064번 카잉 달력.cpp">
      <Filter>소스 파일</Filter>
    </ClCompile>
    <ClCompile Include="1748번 수 이어 쓰기 1.cpp">
      <Filter>소스 파일</Filter>
    </ClCompile>
    <ClCompile Include="2529번 부등호.cpp">
      <Filter>소스 파일</Filter>
    </ClCompile>
    <ClCompile Include="14889번 스타트와 링크.cpp">
      <Filter>소스 파일</Filter>
    </ClCompile>
    <ClCompile Include="11058번 크리보드.cpp">
      <Filter>소스 파일</Filter>
    </ClCompile>
    <ClCompile Include="1890번 점프.cpp">
      <Filter>소스 파일</Filter>
    </ClCompile>
    <ClCompile Include="1339번 단어수학.cpp">
      <Filter>소스 파일</Filter>
    </ClCompile>
    <ClCompile Include="10942번 팰린드롬.cpp">
      <Filter>소스 파일</Filter>
    </ClCompile>
    <ClCompile Include="15989 1,2,3더하기4.cpp">
      <Filter>소스 파일</Filter>
    </ClCompile>
    <ClCompile Include="2580번 스도쿠.cpp">
      <Filter>소스 파일</Filter>
    </ClCompile>
    <ClCompile Include="9376번 탈옥.cpp">
      <Filter>소스 파일</Filter>
    </ClCompile>
    <ClCompile Include="2293번 동전1.cpp">
      <Filter>소스 파일</Filter>
    </ClCompile>
    <ClCompile Include="2294번 동전2.cpp">
      <Filter>소스 파일</Filter>
    </ClCompile>
    <ClCompile Include="1987번 알파벳.cpp">
      <Filter>소스 파일</Filter>
    </ClCompile>
    <ClCompile Include="11066번 파일합치기.cpp">
      <Filter>소스 파일</Filter>
    </ClCompile>
    <ClCompile Include="2003번 수들의 합2.cpp">
      <Filter>소스 파일</Filter>
    </ClCompile>
    <ClCompile Include="12865번 평범한배낭.cpp">
      <Filter>소스 파일</Filter>
    </ClCompile>
    <ClCompile Include="5557번 1학년.cpp">
      <Filter>소스 파일</Filter>
    </ClCompile>
    <ClCompile Include="7453번 합이 0인 네 정수.cpp">
      <Filter>소스 파일</Filter>
    </ClCompile>
    <ClCompile Include="14499번 주사위 굴리기.cpp">
      <Filter>소스 파일</Filter>
    </ClCompile>
    <ClCompile Include="14500번 테트로미노.cpp">
      <Filter>소스 파일</Filter>
    </ClCompile>
    <ClCompile Include="15486번 퇴사 2.cpp">
      <Filter>소스 파일</Filter>
    </ClCompile>
    <ClCompile Include="15661번 링크와 스타트.cpp">
      <Filter>소스 파일</Filter>
    </ClCompile>
    <ClCompile Include="4811번 알약.cpp">
      <Filter>소스 파일</Filter>
    </ClCompile>
    <ClCompile Include="14503번 로봇 청소기.cpp">
      <Filter>소스 파일</Filter>
    </ClCompile>
    <ClCompile Include="2210번 숫자판 점프.cpp">
      <Filter>소스 파일</Filter>
    </ClCompile>
    <ClCompile Include="10430번 나머지.cpp">
      <Filter>소스 파일</Filter>
    </ClCompile>
    <ClCompile Include="2309번 일곱 난쟁이.cpp">
      <Filter>소스 파일</Filter>
    </ClCompile>
    <ClCompile Include="1260번 DFS와 BFS.cpp">
      <Filter>소스 파일</Filter>
    </ClCompile>
    <ClCompile Include="1463번 1로 만들기 (복습).cpp">
      <Filter>소스 파일</Filter>
    </ClCompile>
    <ClCompile Include="2609번 최대공약수와 최소공배수(복습).cpp">
      <Filter>소스 파일</Filter>
    </ClCompile>
    <ClCompile Include="1476번 날짜 계산.cpp">
      <Filter>소스 파일</Filter>
    </ClCompile>
    <ClCompile Include="11724번 연결 요소의 개수.cpp">
      <Filter>소스 파일</Filter>
    </ClCompile>
    <ClCompile Include="11726번 2xn 타일링 (복습).cpp">
      <Filter>소스 파일</Filter>
    </ClCompile>
  </ItemGroup>
</Project>